
Microsoft Visual Studio Solution File, Format Version 12.00
# Visual Studio 14
VisualStudioVersion = 14.0.25420.1
MinimumVisualStudioVersion = 10.0.40219.1
Project("{FAE04EC0-301F-11D3-BF4B-00C04F79EFBC}") = "Sitecore.MediaFramework.Ooyala", "Sitecore.MediaFramework.Ooyala.csproj", "{7C113E1A-0F32-4367-827A-8921F36EAD1B}"
EndProject
Global
	GlobalSection(SolutionConfigurationPlatforms) = preSolution
		Debug 7.1|Any CPU = Debug 7.1|Any CPU
		Debug|Any CPU = Debug|Any CPU
		Release|Any CPU = Release|Any CPU
	EndGlobalSection
	GlobalSection(ProjectConfigurationPlatforms) = postSolution
		{7C113E1A-0F32-4367-827A-8921F36EAD1B}.Debug 7.1|Any CPU.ActiveCfg = Debug 7.1|Any CPU
		{7C113E1A-0F32-4367-827A-8921F36EAD1B}.Debug 7.1|Any CPU.Build.0 = Debug 7.1|Any CPU
		{7C113E1A-0F32-4367-827A-8921F36EAD1B}.Debug|Any CPU.ActiveCfg = Debug|Any CPU
		{7C113E1A-0F32-4367-827A-8921F36EAD1B}.Debug|Any CPU.Build.0 = Debug|Any CPU
		{7C113E1A-0F32-4367-827A-8921F36EAD1B}.Release|Any CPU.ActiveCfg = Release|Any CPU
		{7C113E1A-0F32-4367-827A-8921F36EAD1B}.Release|Any CPU.Build.0 = Release|Any CPU
	EndGlobalSection
	GlobalSection(SolutionProperties) = preSolution
		HideSolutionNode = FALSE
	EndGlobalSection
EndGlobal
